
Microsoft Visual Studio Solution File, Format Version 12.00
# Visual Studio Version 17
VisualStudioVersion = 17.0.31919.166
MinimumVisualStudioVersion = 10.0.40219.1
Project("{FAE04EC0-301F-11D3-BF4B-00C04F79EFBC}") = "day_13", "day_13.csproj", "{3B7031FD-32FA-4F65-9970-DF1DB4EF5953}"
EndProject
Global
	GlobalSection(SolutionConfigurationPlatforms) = preSolution
		Debug|Any CPU = Debug|Any CPU
		Release|Any CPU = Release|Any CPU
	EndGlobalSection
	GlobalSection(ProjectConfigurationPlatforms) = postSolution
		{3B7031FD-32FA-4F65-9970-DF1DB4EF5953}.Debug|Any CPU.ActiveCfg = Debug|Any CPU
		{3B7031FD-32FA-4F65-9970-DF1DB4EF5953}.Debug|Any CPU.Build.0 = Debug|Any CPU
		{3B7031FD-32FA-4F65-9970-DF1DB4EF5953}.Release|Any CPU.ActiveCfg = Release|Any CPU
		{3B7031FD-32FA-4F65-9970-DF1DB4EF5953}.Release|Any CPU.Build.0 = Release|Any CPU
	EndGlobalSection
	GlobalSection(SolutionProperties) = preSolution
		HideSolutionNode = FALSE
	EndGlobalSection
	GlobalSection(ExtensibilityGlobals) = postSolution
		SolutionGuid = {C9695CED-4226-4849-A02D-A0C9666E5E03}
	EndGlobalSection
EndGlobal
